
Microsoft Visual Studio Solution File, Format Version 12.00
# Visual Studio Version 17
VisualStudioVersion = 17.3.32922.545
MinimumVisualStudioVersion = 10.0.40219.1
Project("{FAE04EC0-301F-11D3-BF4B-00C04F79EFBC}") = "AulaEF_CF", "AulaEF_CF\AulaEF_CF.csproj", "{09512EE3-5482-4272-AE79-6CCE53D31096}"
EndProject
Global
	GlobalSection(SolutionConfigurationPlatforms) = preSolution
		Debug|Any CPU = Debug|Any CPU
		Release|Any CPU = Release|Any CPU
	EndGlobalSection
	GlobalSection(ProjectConfigurationPlatforms) = postSolution
		{09512EE3-5482-4272-AE79-6CCE53D31096}.Debug|Any CPU.ActiveCfg = Debug|Any CPU
		{09512EE3-5482-4272-AE79-6CCE53D31096}.Debug|Any CPU.Build.0 = Debug|Any CPU
		{09512EE3-5482-4272-AE79-6CCE53D31096}.Release|Any CPU.ActiveCfg = Release|Any CPU
		{09512EE3-5482-4272-AE79-6CCE53D31096}.Release|Any CPU.Build.0 = Release|Any CPU
	EndGlobalSection
	GlobalSection(SolutionProperties) = preSolution
		HideSolutionNode = FALSE
	EndGlobalSection
	GlobalSection(ExtensibilityGlobals) = postSolution
		SolutionGuid = {C603EF0C-D8F8-41C8-80A4-B1B5D5D273D6}
	EndGlobalSection
EndGlobal
